
Microsoft Visual Studio Solution File, Format Version 12.00
# Visual Studio 15
VisualStudioVersion = 15.0.28307.329
MinimumVisualStudioVersion = 10.0.40219.1
Project("{FAE04EC0-301F-11D3-BF4B-00C04F79EFBC}") = "Stock_Trackerz_App", "Stock_Trackerz_App\Stock_Trackerz_App.csproj", "{F4592089-FB59-40FE-87CA-65A87ADA87A0}"
EndProject
Global
	GlobalSection(SolutionConfigurationPlatforms) = preSolution
		Debug|Any CPU = Debug|Any CPU
		Release|Any CPU = Release|Any CPU
	EndGlobalSection
	GlobalSection(ProjectConfigurationPlatforms) = postSolution
		{F4592089-FB59-40FE-87CA-65A87ADA87A0}.Debug|Any CPU.ActiveCfg = Debug|Any CPU
		{F4592089-FB59-40FE-87CA-65A87ADA87A0}.Debug|Any CPU.Build.0 = Debug|Any CPU
		{F4592089-FB59-40FE-87CA-65A87ADA87A0}.Release|Any CPU.ActiveCfg = Release|Any CPU
		{F4592089-FB59-40FE-87CA-65A87ADA87A0}.Release|Any CPU.Build.0 = Release|Any CPU
	EndGlobalSection
	GlobalSection(SolutionProperties) = preSolution
		HideSolutionNode = FALSE
	EndGlobalSection
	GlobalSection(ExtensibilityGlobals) = postSolution
		SolutionGuid = {50FBF8BB-474C-4276-AC73-9A466D5F2BD1}
	EndGlobalSection
EndGlobal
